
Microsoft Visual Studio Solution File, Format Version 12.00
# Visual Studio Version 16
VisualStudioVersion = 16.0.30330.147
MinimumVisualStudioVersion = 10.0.40219.1
Project("{8BC9CEB8-8B4A-11D0-8D11-00A0C91BC942}") = "assembler", "assembler\assembler.vcxproj", "{D80DF6D7-E9C0-48CD-A12B-F3405999A147}"
EndProject
Project("{8BC9CEB8-8B4A-11D0-8D11-00A0C91BC942}") = "vgasync", "vgasync\vgasync.vcxproj", "{DD49DCA3-2BD2-45D7-9EA3-16B6C60514C5}"
EndProject
Project("{8BC9CEB8-8B4A-11D0-8D11-00A0C91BC942}") = "alugen", "alugen\alugen.vcxproj", "{511C4432-E22C-4F22-B7EC-25632E2E7848}"
EndProject
Global
	GlobalSection(SolutionConfigurationPlatforms) = preSolution
		Debug|x64 = Debug|x64
		Debug|x86 = Debug|x86
		Release|x64 = Release|x64
		Release|x86 = Release|x86
	EndGlobalSection
	GlobalSection(ProjectConfigurationPlatforms) = postSolution
		{D80DF6D7-E9C0-48CD-A12B-F3405999A147}.Debug|x64.ActiveCfg = Debug|x64
		{D80DF6D7-E9C0-48CD-A12B-F3405999A147}.Debug|x64.Build.0 = Debug|x64
		{D80DF6D7-E9C0-48CD-A12B-F3405999A147}.Debug|x86.ActiveCfg = Debug|Win32
		{D80DF6D7-E9C0-48CD-A12B-F3405999A147}.Debug|x86.Build.0 = Debug|Win32
		{D80DF6D7-E9C0-48CD-A12B-F3405999A147}.Release|x64.ActiveCfg = Release|x64
		{D80DF6D7-E9C0-48CD-A12B-F3405999A147}.Release|x64.Build.0 = Release|x64
		{D80DF6D7-E9C0-48CD-A12B-F3405999A147}.Release|x86.ActiveCfg = Release|Win32
		{D80DF6D7-E9C0-48CD-A12B-F3405999A147}.Release|x86.Build.0 = Release|Win32
		{DD49DCA3-2BD2-45D7-9EA3-16B6C60514C5}.Debug|x64.ActiveCfg = Debug|x64
		{DD49DCA3-2BD2-45D7-9EA3-16B6C60514C5}.Debug|x64.Build.0 = Debug|x64
		{DD49DCA3-2BD2-45D7-9EA3-16B6C60514C5}.Debug|x86.ActiveCfg = Debug|Win32
		{DD49DCA3-2BD2-45D7-9EA3-16B6C60514C5}.Debug|x86.Build.0 = Debug|Win32
		{DD49DCA3-2BD2-45D7-9EA3-16B6C60514C5}.Release|x64.ActiveCfg = Release|x64
		{DD49DCA3-2BD2-45D7-9EA3-16B6C60514C5}.Release|x64.Build.0 = Release|x64
		{DD49DCA3-2BD2-45D7-9EA3-16B6C60514C5}.Release|x86.ActiveCfg = Release|Win32
		{DD49DCA3-2BD2-45D7-9EA3-16B6C60514C5}.Release|x86.Build.0 = Release|Win32
		{511C4432-E22C-4F22-B7EC-25632E2E7848}.Debug|x64.ActiveCfg = Debug|x64
		{511C4432-E22C-4F22-B7EC-25632E2E7848}.Debug|x64.Build.0 = Debug|x64
		{511C4432-E22C-4F22-B7EC-25632E2E7848}.Debug|x86.ActiveCfg = Debug|Win32
		{511C4432-E22C-4F22-B7EC-25632E2E7848}.Debug|x86.Build.0 = Debug|Win32
		{511C4432-E22C-4F22-B7EC-25632E2E7848}.Release|x64.ActiveCfg = Release|x64
		{511C4432-E22C-4F22-B7EC-25632E2E7848}.Release|x64.Build.0 = Release|x64
		{511C4432-E22C-4F22-B7EC-25632E2E7848}.Release|x86.ActiveCfg = Release|Win32
		{511C4432-E22C-4F22-B7EC-25632E2E7848}.Release|x86.Build.0 = Release|Win32
	EndGlobalSection
	GlobalSection(SolutionProperties) = preSolution
		HideSolutionNode = FALSE
	EndGlobalSection
	GlobalSection(ExtensibilityGlobals) = postSolution
		SolutionGuid = {1F9EAF9C-3097-4830-BEA9-909A08B59537}
	EndGlobalSection
EndGlobal
